
Microsoft Visual Studio Solution File, Format Version 12.00
# Visual Studio Version 16
VisualStudioVersion = 16.0.28803.352
MinimumVisualStudioVersion = 10.0.40219.1
Project("{9A19103F-16F7-4668-BE54-9A1E7A4F7556}") = "Makc2020.Data.Base", "Makc2020.Data.Base\Makc2020.Data.Base.csproj", "{D72246F7-5D2C-40B0-BF60-5CF57E7BB4EA}"
EndProject
Project("{9A19103F-16F7-4668-BE54-9A1E7A4F7556}") = "Makc2020.Core.Base", "Makc2020.Core.Base\Makc2020.Core.Base.csproj", "{1D8DD952-320D-47E8-AB2B-364E71F810B9}"
EndProject
Project("{9A19103F-16F7-4668-BE54-9A1E7A4F7556}") = "Makc2020.Data.Entity", "Makc2020.Data.Entity\Makc2020.Data.Entity.csproj", "{4BF30238-0DA1-46B6-B9D4-8469276CA8C3}"
EndProject
Project("{2150E333-8FDC-42A3-9474-1A3956D46DE8}") = "Core", "Core", "{D44681C5-CC98-44F7-8134-6178F8ECB9F8}"
EndProject
Project("{2150E333-8FDC-42A3-9474-1A3956D46DE8}") = "Data", "Data", "{0B006A17-0CFF-4228-BDBB-37627E2DD857}"
EndProject
Project("{2150E333-8FDC-42A3-9474-1A3956D46DE8}") = "Apps", "Apps", "{0B1C72C4-6244-4040-AA35-DB8F39A82074}"
EndProject
Project("{9A19103F-16F7-4668-BE54-9A1E7A4F7556}") = "Makc2020.Core.Caching", "Makc2020.Core.Caching\Makc2020.Core.Caching.csproj", "{52F100DE-05FB-4318-8504-B5734E7DD5A6}"
EndProject
Project("{9A19103F-16F7-4668-BE54-9A1E7A4F7556}") = "Makc2020.Core.Web", "Makc2020.Core.Web\Makc2020.Core.Web.csproj", "{289A1C1B-0ECE-44CA-97AA-1DEBA7AA1113}"
EndProject
Project("{9A19103F-16F7-4668-BE54-9A1E7A4F7556}") = "Makc2020.Data.Caching", "Makc2020.Data.Caching\Makc2020.Data.Caching.csproj", "{E430CCDB-1C0F-474E-ABF9-67DDFBA00599}"
EndProject
Project("{9A19103F-16F7-4668-BE54-9A1E7A4F7556}") = "Makc2020.Data.Db", "Makc2020.Data.Db\Makc2020.Data.Db.csproj", "{93E42BBB-C292-41EE-B2B5-C88CD8B1A4AA}"
EndProject
Project("{2150E333-8FDC-42A3-9474-1A3956D46DE8}") = "Host", "Host", "{C7539421-6BDE-4903-913A-D52E729534C9}"
EndProject
Project("{9A19103F-16F7-4668-BE54-9A1E7A4F7556}") = "Makc2020.Host.Web", "Makc2020.Host.Web\Makc2020.Host.Web.csproj", "{70DA67EA-A802-4E60-B2A1-9BDE1B2317E3}"
EndProject
Project("{2150E333-8FDC-42A3-9474-1A3956D46DE8}") = "Mods", "Mods", "{3CFFCFDA-7054-4605-A016-E5A219E5301A}"
EndProject
Project("{9A19103F-16F7-4668-BE54-9A1E7A4F7556}") = "Makc2020.Mods.DummyMain.Base", "Makc2020.Mods.DummyMain.Base\Makc2020.Mods.DummyMain.Base.csproj", "{3E55D728-61B0-474F-80FC-47CBDC94F4EA}"
EndProject
Project("{2150E333-8FDC-42A3-9474-1A3956D46DE8}") = "DummyMain", "DummyMain", "{88B48219-E227-4EA0-8863-A5BC7168F035}"
EndProject
Project("{9A19103F-16F7-4668-BE54-9A1E7A4F7556}") = "Makc2020.Mods.DummyMain.Caching", "Makc2020.Mods.DummyMain.Caching\Makc2020.Mods.DummyMain.Caching.csproj", "{95E478A0-C35B-4BF7-9C59-F844CFC6B7D6}"
EndProject
Project("{9A19103F-16F7-4668-BE54-9A1E7A4F7556}") = "Makc2020.Mods.DummyMain.Web", "Makc2020.Mods.DummyMain.Web\Makc2020.Mods.DummyMain.Web.csproj", "{026B2DFE-9BC0-4501-BCDD-8D83E8D59E67}"
EndProject
Project("{9A19103F-16F7-4668-BE54-9A1E7A4F7556}") = "Makc2020.Apps.Api.Base", "Makc2020.Apps.Api.Base\Makc2020.Apps.Api.Base.csproj", "{01962C04-A999-4BAD-9015-0B905471D3A6}"
EndProject
Project("{9A19103F-16F7-4668-BE54-9A1E7A4F7556}") = "Makc2020.Data.Entity.Clients.SqlServer", "Makc2020.Data.Entity.Clients.SqlServer\Makc2020.Data.Entity.Clients.SqlServer.csproj", "{6F4A4B85-63C8-4675-9900-289C430C8AE2}"
EndProject
Project("{9A19103F-16F7-4668-BE54-9A1E7A4F7556}") = "Makc2020.Apps.Api.Web", "Makc2020.Apps.Api.Web\Makc2020.Apps.Api.Web.csproj", "{7B2BF374-41D3-4692-9B02-E75A931A6ED8}"
EndProject
Project("{2150E333-8FDC-42A3-9474-1A3956D46DE8}") = "Auth", "Auth", "{A35C6FC5-0E55-42C9-8D93-B5851ABCB043}"
EndProject
Project("{9A19103F-16F7-4668-BE54-9A1E7A4F7556}") = "Makc2020.Mods.Auth.Base", "Makc2020.Mods.Auth.Base\Makc2020.Mods.Auth.Base.csproj", "{29028226-5AAF-429B-86A0-7BA5FD906DF3}"
EndProject
Project("{9A19103F-16F7-4668-BE54-9A1E7A4F7556}") = "Makc2020.Mods.Auth.Web", "Makc2020.Mods.Auth.Web\Makc2020.Mods.Auth.Web.csproj", "{41AF2320-56E1-41B3-B5EF-4EAC8F25F4B6}"
EndProject
Project("{9A19103F-16F7-4668-BE54-9A1E7A4F7556}") = "Makc2020.Host.Base", "Makc2020.Host.Base\Makc2020.Host.Base.csproj", "{78751AF1-2B44-4419-A16B-4040F2A665B1}"
EndProject
Project("{2150E333-8FDC-42A3-9474-1A3956D46DE8}") = "@@@@", "@@@@", "{F3B85D6B-A5CD-48AB-BE52-519A90895E61}"
	ProjectSection(SolutionItems) = preProject
		.env = .env
		.gitignore = .gitignore
		README.md = README.md
	EndProjectSection
EndProject
Project("{2150E333-8FDC-42A3-9474-1A3956D46DE8}") = "Root", "Root", "{1EE58849-C87B-4465-BE50-92F858E7DF9D}"
EndProject
Project("{9A19103F-16F7-4668-BE54-9A1E7A4F7556}") = "Makc2020.Root.Base", "Makc2020.Root.Base\Makc2020.Root.Base.csproj", "{DB6A3283-E35B-4C14-827D-869B79D046C8}"
EndProject
Project("{9A19103F-16F7-4668-BE54-9A1E7A4F7556}") = "Makc2020.Core.Data.Clients.SqlServer", "Makc2020.Core.Data.Clients.SqlServer\Makc2020.Core.Data.Clients.SqlServer.csproj", "{F60ADF28-D18C-4421-89FF-CE46C27FDA0A}"
EndProject
Project("{9A19103F-16F7-4668-BE54-9A1E7A4F7556}") = "Makc2020.Root.Web", "Makc2020.Root.Web\Makc2020.Root.Web.csproj", "{89016674-D54D-4B5D-BA73-3C24954E6CFA}"
EndProject
Project("{2150E333-8FDC-42A3-9474-1A3956D46DE8}") = "doc", "doc", "{79BBEED9-6441-4DB5-B1B7-28105447065B}"
	ProjectSection(SolutionItems) = preProject
		doc\01-Project.md = doc\01-Project.md
		doc\02-Functionality.md = doc\02-Functionality.md
		doc\03-Naming.md = doc\03-Naming.md
		doc\04-Subprojects.md = doc\04-Subprojects.md
	EndProjectSection
EndProject
Project("{9A19103F-16F7-4668-BE54-9A1E7A4F7556}") = "Makc2020.Root.Apps.Api.Base", "Makc2020.Root.Apps.Api.Base\Makc2020.Root.Apps.Api.Base.csproj", "{61A99A7D-399A-4A45-9F9D-EE6AA4FA8B9C}"
EndProject
Project("{9A19103F-16F7-4668-BE54-9A1E7A4F7556}") = "Makc2020.Root.Apps.Api.Web", "Makc2020.Root.Apps.Api.Web\Makc2020.Root.Apps.Api.Web.csproj", "{C9F10EA8-91CB-4796-8183-DF8B09C4A352}"
EndProject
Project("{2150E333-8FDC-42A3-9474-1A3956D46DE8}") = "IdentityServer", "IdentityServer", "{DC6ED4D2-E9B9-4E6A-9400-9F43AB35053D}"
EndProject
Project("{9A19103F-16F7-4668-BE54-9A1E7A4F7556}") = "Makc2020.Mods.IdentityServer.Base", "Makc2020.Mods.IdentityServer.Base\Makc2020.Mods.IdentityServer.Base.csproj", "{4F1B0BD5-9D24-4092-BFD7-5E0303D60323}"
EndProject
Project("{9A19103F-16F7-4668-BE54-9A1E7A4F7556}") = "Makc2020.Mods.IdentityServer.Web", "Makc2020.Mods.IdentityServer.Web\Makc2020.Mods.IdentityServer.Web.csproj", "{4B091B2E-416E-47C1-8B1A-BB7A1E1FB92F}"
EndProject
Project("{9A19103F-16F7-4668-BE54-9A1E7A4F7556}") = "Makc2020.Root.Apps.IdentityServer.Base", "Makc2020.Root.Apps.IdentityServer.Base\Makc2020.Root.Apps.IdentityServer.Base.csproj", "{B68513BD-0218-4D7F-B0C1-DF0A01B61B4F}"
EndProject
Project("{9A19103F-16F7-4668-BE54-9A1E7A4F7556}") = "Makc2020.Root.Apps.IdentityServer.Web", "Makc2020.Root.Apps.IdentityServer.Web\Makc2020.Root.Apps.IdentityServer.Web.csproj", "{CD45C465-BA0D-45E7-AE0C-1DCDEE625BBF}"
EndProject
Project("{9A19103F-16F7-4668-BE54-9A1E7A4F7556}") = "Makc2020.Apps.IdentityServer.Web", "Makc2020.Apps.IdentityServer.Web\Makc2020.Apps.IdentityServer.Web.csproj", "{3AA6EB4D-7730-4BC5-B0F3-A189DC55FD37}"
EndProject
Project("{E53339B2-1760-4266-BCC7-CA923CBCF16C}") = "docker-compose", "docker-compose.dcproj", "{E4780F24-76AA-49F5-BD53-FA45572CADAD}"
EndProject
Project("{2150E333-8FDC-42A3-9474-1A3956D46DE8}") = "Automation", "Automation", "{1B03D3C7-008E-46CE-9E02-05D45AE188FD}"
EndProject
Project("{9A19103F-16F7-4668-BE54-9A1E7A4F7556}") = "Makc2020.Mods.Automation.Base", "Makc2020.Mods.Automation.Base\Makc2020.Mods.Automation.Base.csproj", "{B421966F-CC6C-489C-9171-AB5A064F5212}"
EndProject
Project("{9A19103F-16F7-4668-BE54-9A1E7A4F7556}") = "Makc2020.Root.Apps.Automation.Base", "Makc2020.Root.Apps.Automation.Base\Makc2020.Root.Apps.Automation.Base.csproj", "{238B8585-22FD-42F3-ACEA-7D72AC6D8ACC}"
EndProject
Project("{9A19103F-16F7-4668-BE54-9A1E7A4F7556}") = "Makc2020.Apps.Automation.Base", "Makc2020.Apps.Automation.Base\Makc2020.Apps.Automation.Base.csproj", "{B63C45DA-97F4-4BF5-9AEA-86F3E74213F6}"
EndProject
Project("{2150E333-8FDC-42A3-9474-1A3956D46DE8}") = "DummyTree", "DummyTree", "{187B264A-0185-4F8E-9017-1265D0A86F35}"
EndProject
Project("{FAE04EC0-301F-11D3-BF4B-00C04F79EFBC}") = "Makc2020.Mods.DummyTree.Base", "Makc2020.Mods.DummyTree.Base\Makc2020.Mods.DummyTree.Base.csproj", "{55C4639D-EC3E-4F0F-8DA4-457AFF813D19}"
EndProject
Project("{FAE04EC0-301F-11D3-BF4B-00C04F79EFBC}") = "Makc2020.Mods.DummyTree.Caching", "Makc2020.Mods.DummyTree.Caching\Makc2020.Mods.DummyTree.Caching.csproj", "{2312836E-994A-452F-84E8-E2CEF44273B5}"
EndProject
Project("{FAE04EC0-301F-11D3-BF4B-00C04F79EFBC}") = "Makc2020.Mods.DummyTree.Web", "Makc2020.Mods.DummyTree.Web\Makc2020.Mods.DummyTree.Web.csproj", "{73C70BAF-3843-488F-8B28-C4227B150DDD}"
EndProject
Global
	GlobalSection(SolutionConfigurationPlatforms) = preSolution
		Debug|Any CPU = Debug|Any CPU
		Release|Any CPU = Release|Any CPU
		Test|Any CPU = Test|Any CPU
	EndGlobalSection
	GlobalSection(ProjectConfigurationPlatforms) = postSolution
		{D72246F7-5D2C-40B0-BF60-5CF57E7BB4EA}.Debug|Any CPU.ActiveCfg = Debug|Any CPU
		{D72246F7-5D2C-40B0-BF60-5CF57E7BB4EA}.Debug|Any CPU.Build.0 = Debug|Any CPU
		{D72246F7-5D2C-40B0-BF60-5CF57E7BB4EA}.Release|Any CPU.ActiveCfg = Release|Any CPU
		{D72246F7-5D2C-40B0-BF60-5CF57E7BB4EA}.Release|Any CPU.Build.0 = Release|Any CPU
		{D72246F7-5D2C-40B0-BF60-5CF57E7BB4EA}.Test|Any CPU.ActiveCfg = Test|Any CPU
		{D72246F7-5D2C-40B0-BF60-5CF57E7BB4EA}.Test|Any CPU.Build.0 = Test|Any CPU
		{1D8DD952-320D-47E8-AB2B-364E71F810B9}.Debug|Any CPU.ActiveCfg = Debug|Any CPU
		{1D8DD952-320D-47E8-AB2B-364E71F810B9}.Debug|Any CPU.Build.0 = Debug|Any CPU
		{1D8DD952-320D-47E8-AB2B-364E71F810B9}.Release|Any CPU.ActiveCfg = Release|Any CPU
		{1D8DD952-320D-47E8-AB2B-364E71F810B9}.Release|Any CPU.Build.0 = Release|Any CPU
		{1D8DD952-320D-47E8-AB2B-364E71F810B9}.Test|Any CPU.ActiveCfg = Test|Any CPU
		{1D8DD952-320D-47E8-AB2B-364E71F810B9}.Test|Any CPU.Build.0 = Test|Any CPU
		{4BF30238-0DA1-46B6-B9D4-8469276CA8C3}.Debug|Any CPU.ActiveCfg = Debug|Any CPU
		{4BF30238-0DA1-46B6-B9D4-8469276CA8C3}.Debug|Any CPU.Build.0 = Debug|Any CPU
		{4BF30238-0DA1-46B6-B9D4-8469276CA8C3}.Release|Any CPU.ActiveCfg = Release|Any CPU
		{4BF30238-0DA1-46B6-B9D4-8469276CA8C3}.Release|Any CPU.Build.0 = Release|Any CPU
		{4BF30238-0DA1-46B6-B9D4-8469276CA8C3}.Test|Any CPU.ActiveCfg = Test|Any CPU
		{4BF30238-0DA1-46B6-B9D4-8469276CA8C3}.Test|Any CPU.Build.0 = Test|Any CPU
		{52F100DE-05FB-4318-8504-B5734E7DD5A6}.Debug|Any CPU.ActiveCfg = Debug|Any CPU
		{52F100DE-05FB-4318-8504-B5734E7DD5A6}.Debug|Any CPU.Build.0 = Debug|Any CPU
		{52F100DE-05FB-4318-8504-B5734E7DD5A6}.Release|Any CPU.ActiveCfg = Release|Any CPU
		{52F100DE-05FB-4318-8504-B5734E7DD5A6}.Release|Any CPU.Build.0 = Release|Any CPU
		{52F100DE-05FB-4318-8504-B5734E7DD5A6}.Test|Any CPU.ActiveCfg = Test|Any CPU
		{52F100DE-05FB-4318-8504-B5734E7DD5A6}.Test|Any CPU.Build.0 = Test|Any CPU
		{289A1C1B-0ECE-44CA-97AA-1DEBA7AA1113}.Debug|Any CPU.ActiveCfg = Debug|Any CPU
		{289A1C1B-0ECE-44CA-97AA-1DEBA7AA1113}.Debug|Any CPU.Build.0 = Debug|Any CPU
		{289A1C1B-0ECE-44CA-97AA-1DEBA7AA1113}.Release|Any CPU.ActiveCfg = Release|Any CPU
		{289A1C1B-0ECE-44CA-97AA-1DEBA7AA1113}.Release|Any CPU.Build.0 = Release|Any CPU
		{289A1C1B-0ECE-44CA-97AA-1DEBA7AA1113}.Test|Any CPU.ActiveCfg = Test|Any CPU
		{289A1C1B-0ECE-44CA-97AA-1DEBA7AA1113}.Test|Any CPU.Build.0 = Test|Any CPU
		{E430CCDB-1C0F-474E-ABF9-67DDFBA00599}.Debug|Any CPU.ActiveCfg = Debug|Any CPU
		{E430CCDB-1C0F-474E-ABF9-67DDFBA00599}.Debug|Any CPU.Build.0 = Debug|Any CPU
		{E430CCDB-1C0F-474E-ABF9-67DDFBA00599}.Release|Any CPU.ActiveCfg = Release|Any CPU
		{E430CCDB-1C0F-474E-ABF9-67DDFBA00599}.Release|Any CPU.Build.0 = Release|Any CPU
		{E430CCDB-1C0F-474E-ABF9-67DDFBA00599}.Test|Any CPU.ActiveCfg = Test|Any CPU
		{E430CCDB-1C0F-474E-ABF9-67DDFBA00599}.Test|Any CPU.Build.0 = Test|Any CPU
		{93E42BBB-C292-41EE-B2B5-C88CD8B1A4AA}.Debug|Any CPU.ActiveCfg = Debug|Any CPU
		{93E42BBB-C292-41EE-B2B5-C88CD8B1A4AA}.Debug|Any CPU.Build.0 = Debug|Any CPU
		{93E42BBB-C292-41EE-B2B5-C88CD8B1A4AA}.Release|Any CPU.ActiveCfg = Release|Any CPU
		{93E42BBB-C292-41EE-B2B5-C88CD8B1A4AA}.Release|Any CPU.Build.0 = Release|Any CPU
		{93E42BBB-C292-41EE-B2B5-C88CD8B1A4AA}.Test|Any CPU.ActiveCfg = Test|Any CPU
		{93E42BBB-C292-41EE-B2B5-C88CD8B1A4AA}.Test|Any CPU.Build.0 = Test|Any CPU
		{70DA67EA-A802-4E60-B2A1-9BDE1B2317E3}.Debug|Any CPU.ActiveCfg = Debug|Any CPU
		{70DA67EA-A802-4E60-B2A1-9BDE1B2317E3}.Debug|Any CPU.Build.0 = Debug|Any CPU
		{70DA67EA-A802-4E60-B2A1-9BDE1B2317E3}.Release|Any CPU.ActiveCfg = Release|Any CPU
		{70DA67EA-A802-4E60-B2A1-9BDE1B2317E3}.Release|Any CPU.Build.0 = Release|Any CPU
		{70DA67EA-A802-4E60-B2A1-9BDE1B2317E3}.Test|Any CPU.ActiveCfg = Test|Any CPU
		{70DA67EA-A802-4E60-B2A1-9BDE1B2317E3}.Test|Any CPU.Build.0 = Test|Any CPU
		{3E55D728-61B0-474F-80FC-47CBDC94F4EA}.Debug|Any CPU.ActiveCfg = Debug|Any CPU
		{3E55D728-61B0-474F-80FC-47CBDC94F4EA}.Debug|Any CPU.Build.0 = Debug|Any CPU
		{3E55D728-61B0-474F-80FC-47CBDC94F4EA}.Release|Any CPU.ActiveCfg = Release|Any CPU
		{3E55D728-61B0-474F-80FC-47CBDC94F4EA}.Release|Any CPU.Build.0 = Release|Any CPU
		{3E55D728-61B0-474F-80FC-47CBDC94F4EA}.Test|Any CPU.ActiveCfg = Test|Any CPU
		{3E55D728-61B0-474F-80FC-47CBDC94F4EA}.Test|Any CPU.Build.0 = Test|Any CPU
		{95E478A0-C35B-4BF7-9C59-F844CFC6B7D6}.Debug|Any CPU.ActiveCfg = Debug|Any CPU
		{95E478A0-C35B-4BF7-9C59-F844CFC6B7D6}.Debug|Any CPU.Build.0 = Debug|Any CPU
		{95E478A0-C35B-4BF7-9C59-F844CFC6B7D6}.Release|Any CPU.ActiveCfg = Release|Any CPU
		{95E478A0-C35B-4BF7-9C59-F844CFC6B7D6}.Release|Any CPU.Build.0 = Release|Any CPU
		{95E478A0-C35B-4BF7-9C59-F844CFC6B7D6}.Test|Any CPU.ActiveCfg = Test|Any CPU
		{95E478A0-C35B-4BF7-9C59-F844CFC6B7D6}.Test|Any CPU.Build.0 = Test|Any CPU
		{026B2DFE-9BC0-4501-BCDD-8D83E8D59E67}.Debug|Any CPU.ActiveCfg = Debug|Any CPU
		{026B2DFE-9BC0-4501-BCDD-8D83E8D59E67}.Debug|Any CPU.Build.0 = Debug|Any CPU
		{026B2DFE-9BC0-4501-BCDD-8D83E8D59E67}.Release|Any CPU.ActiveCfg = Release|Any CPU
		{026B2DFE-9BC0-4501-BCDD-8D83E8D59E67}.Release|Any CPU.Build.0 = Release|Any CPU
		{026B2DFE-9BC0-4501-BCDD-8D83E8D59E67}.Test|Any CPU.ActiveCfg = Test|Any CPU
		{026B2DFE-9BC0-4501-BCDD-8D83E8D59E67}.Test|Any CPU.Build.0 = Test|Any CPU
		{01962C04-A999-4BAD-9015-0B905471D3A6}.Debug|Any CPU.ActiveCfg = Debug|Any CPU
		{01962C04-A999-4BAD-9015-0B905471D3A6}.Debug|Any CPU.Build.0 = Debug|Any CPU
		{01962C04-A999-4BAD-9015-0B905471D3A6}.Release|Any CPU.ActiveCfg = Release|Any CPU
		{01962C04-A999-4BAD-9015-0B905471D3A6}.Release|Any CPU.Build.0 = Release|Any CPU
		{01962C04-A999-4BAD-9015-0B905471D3A6}.Test|Any CPU.ActiveCfg = Test|Any CPU
		{01962C04-A999-4BAD-9015-0B905471D3A6}.Test|Any CPU.Build.0 = Test|Any CPU
		{6F4A4B85-63C8-4675-9900-289C430C8AE2}.Debug|Any CPU.ActiveCfg = Debug|Any CPU
		{6F4A4B85-63C8-4675-9900-289C430C8AE2}.Debug|Any CPU.Build.0 = Debug|Any CPU
		{6F4A4B85-63C8-4675-9900-289C430C8AE2}.Release|Any CPU.ActiveCfg = Release|Any CPU
		{6F4A4B85-63C8-4675-9900-289C430C8AE2}.Release|Any CPU.Build.0 = Release|Any CPU
		{6F4A4B85-63C8-4675-9900-289C430C8AE2}.Test|Any CPU.ActiveCfg = Test|Any CPU
		{6F4A4B85-63C8-4675-9900-289C430C8AE2}.Test|Any CPU.Build.0 = Test|Any CPU
		{7B2BF374-41D3-4692-9B02-E75A931A6ED8}.Debug|Any CPU.ActiveCfg = Debug|Any CPU
		{7B2BF374-41D3-4692-9B02-E75A931A6ED8}.Debug|Any CPU.Build.0 = Debug|Any CPU
		{7B2BF374-41D3-4692-9B02-E75A931A6ED8}.Release|Any CPU.ActiveCfg = Release|Any CPU
		{7B2BF374-41D3-4692-9B02-E75A931A6ED8}.Release|Any CPU.Build.0 = Release|Any CPU
		{7B2BF374-41D3-4692-9B02-E75A931A6ED8}.Test|Any CPU.ActiveCfg = Test|Any CPU
		{7B2BF374-41D3-4692-9B02-E75A931A6ED8}.Test|Any CPU.Build.0 = Test|Any CPU
		{29028226-5AAF-429B-86A0-7BA5FD906DF3}.Debug|Any CPU.ActiveCfg = Debug|Any CPU
		{29028226-5AAF-429B-86A0-7BA5FD906DF3}.Debug|Any CPU.Build.0 = Debug|Any CPU
		{29028226-5AAF-429B-86A0-7BA5FD906DF3}.Release|Any CPU.ActiveCfg = Release|Any CPU
		{29028226-5AAF-429B-86A0-7BA5FD906DF3}.Release|Any CPU.Build.0 = Release|Any CPU
		{29028226-5AAF-429B-86A0-7BA5FD906DF3}.Test|Any CPU.ActiveCfg = Test|Any CPU
		{29028226-5AAF-429B-86A0-7BA5FD906DF3}.Test|Any CPU.Build.0 = Test|Any CPU
		{41AF2320-56E1-41B3-B5EF-4EAC8F25F4B6}.Debug|Any CPU.ActiveCfg = Debug|Any CPU
		{41AF2320-56E1-41B3-B5EF-4EAC8F25F4B6}.Debug|Any CPU.Build.0 = Debug|Any CPU
		{41AF2320-56E1-41B3-B5EF-4EAC8F25F4B6}.Release|Any CPU.ActiveCfg = Release|Any CPU
		{41AF2320-56E1-41B3-B5EF-4EAC8F25F4B6}.Release|Any CPU.Build.0 = Release|Any CPU
		{41AF2320-56E1-41B3-B5EF-4EAC8F25F4B6}.Test|Any CPU.ActiveCfg = Test|Any CPU
		{41AF2320-56E1-41B3-B5EF-4EAC8F25F4B6}.Test|Any CPU.Build.0 = Test|Any CPU
		{78751AF1-2B44-4419-A16B-4040F2A665B1}.Debug|Any CPU.ActiveCfg = Debug|Any CPU
		{78751AF1-2B44-4419-A16B-4040F2A665B1}.Debug|Any CPU.Build.0 = Debug|Any CPU
		{78751AF1-2B44-4419-A16B-4040F2A665B1}.Release|Any CPU.ActiveCfg = Release|Any CPU
		{78751AF1-2B44-4419-A16B-4040F2A665B1}.Release|Any CPU.Build.0 = Release|Any CPU
		{78751AF1-2B44-4419-A16B-4040F2A665B1}.Test|Any CPU.ActiveCfg = Test|Any CPU
		{78751AF1-2B44-4419-A16B-4040F2A665B1}.Test|Any CPU.Build.0 = Test|Any CPU
		{DB6A3283-E35B-4C14-827D-869B79D046C8}.Debug|Any CPU.ActiveCfg = Debug|Any CPU
		{DB6A3283-E35B-4C14-827D-869B79D046C8}.Debug|Any CPU.Build.0 = Debug|Any CPU
		{DB6A3283-E35B-4C14-827D-869B79D046C8}.Release|Any CPU.ActiveCfg = Release|Any CPU
		{DB6A3283-E35B-4C14-827D-869B79D046C8}.Release|Any CPU.Build.0 = Release|Any CPU
		{DB6A3283-E35B-4C14-827D-869B79D046C8}.Test|Any CPU.ActiveCfg = Test|Any CPU
		{DB6A3283-E35B-4C14-827D-869B79D046C8}.Test|Any CPU.Build.0 = Test|Any CPU
		{F60ADF28-D18C-4421-89FF-CE46C27FDA0A}.Debug|Any CPU.ActiveCfg = Debug|Any CPU
		{F60ADF28-D18C-4421-89FF-CE46C27FDA0A}.Debug|Any CPU.Build.0 = Debug|Any CPU
		{F60ADF28-D18C-4421-89FF-CE46C27FDA0A}.Release|Any CPU.ActiveCfg = Release|Any CPU
		{F60ADF28-D18C-4421-89FF-CE46C27FDA0A}.Release|Any CPU.Build.0 = Release|Any CPU
		{F60ADF28-D18C-4421-89FF-CE46C27FDA0A}.Test|Any CPU.ActiveCfg = Test|Any CPU
		{F60ADF28-D18C-4421-89FF-CE46C27FDA0A}.Test|Any CPU.Build.0 = Test|Any CPU
		{89016674-D54D-4B5D-BA73-3C24954E6CFA}.Debug|Any CPU.ActiveCfg = Debug|Any CPU
		{89016674-D54D-4B5D-BA73-3C24954E6CFA}.Debug|Any CPU.Build.0 = Debug|Any CPU
		{89016674-D54D-4B5D-BA73-3C24954E6CFA}.Release|Any CPU.ActiveCfg = Release|Any CPU
		{89016674-D54D-4B5D-BA73-3C24954E6CFA}.Release|Any CPU.Build.0 = Release|Any CPU
		{89016674-D54D-4B5D-BA73-3C24954E6CFA}.Test|Any CPU.ActiveCfg = Test|Any CPU
		{89016674-D54D-4B5D-BA73-3C24954E6CFA}.Test|Any CPU.Build.0 = Test|Any CPU
		{61A99A7D-399A-4A45-9F9D-EE6AA4FA8B9C}.Debug|Any CPU.ActiveCfg = Debug|Any CPU
		{61A99A7D-399A-4A45-9F9D-EE6AA4FA8B9C}.Debug|Any CPU.Build.0 = Debug|Any CPU
		{61A99A7D-399A-4A45-9F9D-EE6AA4FA8B9C}.Release|Any CPU.ActiveCfg = Release|Any CPU
		{61A99A7D-399A-4A45-9F9D-EE6AA4FA8B9C}.Release|Any CPU.Build.0 = Release|Any CPU
		{61A99A7D-399A-4A45-9F9D-EE6AA4FA8B9C}.Test|Any CPU.ActiveCfg = Test|Any CPU
		{61A99A7D-399A-4A45-9F9D-EE6AA4FA8B9C}.Test|Any CPU.Build.0 = Test|Any CPU
		{C9F10EA8-91CB-4796-8183-DF8B09C4A352}.Debug|Any CPU.ActiveCfg = Debug|Any CPU
		{C9F10EA8-91CB-4796-8183-DF8B09C4A352}.Debug|Any CPU.Build.0 = Debug|Any CPU
		{C9F10EA8-91CB-4796-8183-DF8B09C4A352}.Release|Any CPU.ActiveCfg = Release|Any CPU
		{C9F10EA8-91CB-4796-8183-DF8B09C4A352}.Release|Any CPU.Build.0 = Release|Any CPU
		{C9F10EA8-91CB-4796-8183-DF8B09C4A352}.Test|Any CPU.ActiveCfg = Test|Any CPU
		{C9F10EA8-91CB-4796-8183-DF8B09C4A352}.Test|Any CPU.Build.0 = Test|Any CPU
		{4F1B0BD5-9D24-4092-BFD7-5E0303D60323}.Debug|Any CPU.ActiveCfg = Debug|Any CPU
		{4F1B0BD5-9D24-4092-BFD7-5E0303D60323}.Debug|Any CPU.Build.0 = Debug|Any CPU
		{4F1B0BD5-9D24-4092-BFD7-5E0303D60323}.Release|Any CPU.ActiveCfg = Release|Any CPU
		{4F1B0BD5-9D24-4092-BFD7-5E0303D60323}.Release|Any CPU.Build.0 = Release|Any CPU
		{4F1B0BD5-9D24-4092-BFD7-5E0303D60323}.Test|Any CPU.ActiveCfg = Test|Any CPU
		{4F1B0BD5-9D24-4092-BFD7-5E0303D60323}.Test|Any CPU.Build.0 = Test|Any CPU
		{4B091B2E-416E-47C1-8B1A-BB7A1E1FB92F}.Debug|Any CPU.ActiveCfg = Debug|Any CPU
		{4B091B2E-416E-47C1-8B1A-BB7A1E1FB92F}.Debug|Any CPU.Build.0 = Debug|Any CPU
		{4B091B2E-416E-47C1-8B1A-BB7A1E1FB92F}.Release|Any CPU.ActiveCfg = Release|Any CPU
		{4B091B2E-416E-47C1-8B1A-BB7A1E1FB92F}.Release|Any CPU.Build.0 = Release|Any CPU
		{4B091B2E-416E-47C1-8B1A-BB7A1E1FB92F}.Test|Any CPU.ActiveCfg = Test|Any CPU
		{4B091B2E-416E-47C1-8B1A-BB7A1E1FB92F}.Test|Any CPU.Build.0 = Test|Any CPU
		{B68513BD-0218-4D7F-B0C1-DF0A01B61B4F}.Debug|Any CPU.ActiveCfg = Debug|Any CPU
		{B68513BD-0218-4D7F-B0C1-DF0A01B61B4F}.Debug|Any CPU.Build.0 = Debug|Any CPU
		{B68513BD-0218-4D7F-B0C1-DF0A01B61B4F}.Release|Any CPU.ActiveCfg = Release|Any CPU
		{B68513BD-0218-4D7F-B0C1-DF0A01B61B4F}.Release|Any CPU.Build.0 = Release|Any CPU
		{B68513BD-0218-4D7F-B0C1-DF0A01B61B4F}.Test|Any CPU.ActiveCfg = Test|Any CPU
		{B68513BD-0218-4D7F-B0C1-DF0A01B61B4F}.Test|Any CPU.Build.0 = Test|Any CPU
		{CD45C465-BA0D-45E7-AE0C-1DCDEE625BBF}.Debug|Any CPU.ActiveCfg = Debug|Any CPU
		{CD45C465-BA0D-45E7-AE0C-1DCDEE625BBF}.Debug|Any CPU.Build.0 = Debug|Any CPU
		{CD45C465-BA0D-45E7-AE0C-1DCDEE625BBF}.Release|Any CPU.ActiveCfg = Release|Any CPU
		{CD45C465-BA0D-45E7-AE0C-1DCDEE625BBF}.Release|Any CPU.Build.0 = Release|Any CPU
		{CD45C465-BA0D-45E7-AE0C-1DCDEE625BBF}.Test|Any CPU.ActiveCfg = Test|Any CPU
		{CD45C465-BA0D-45E7-AE0C-1DCDEE625BBF}.Test|Any CPU.Build.0 = Test|Any CPU
		{3AA6EB4D-7730-4BC5-B0F3-A189DC55FD37}.Debug|Any CPU.ActiveCfg = Debug|Any CPU
		{3AA6EB4D-7730-4BC5-B0F3-A189DC55FD37}.Debug|Any CPU.Build.0 = Debug|Any CPU
		{3AA6EB4D-7730-4BC5-B0F3-A189DC55FD37}.Release|Any CPU.ActiveCfg = Release|Any CPU
		{3AA6EB4D-7730-4BC5-B0F3-A189DC55FD37}.Release|Any CPU.Build.0 = Release|Any CPU
		{3AA6EB4D-7730-4BC5-B0F3-A189DC55FD37}.Test|Any CPU.ActiveCfg = Test|Any CPU
		{3AA6EB4D-7730-4BC5-B0F3-A189DC55FD37}.Test|Any CPU.Build.0 = Test|Any CPU
		{E4780F24-76AA-49F5-BD53-FA45572CADAD}.Debug|Any CPU.ActiveCfg = Debug|Any CPU
		{E4780F24-76AA-49F5-BD53-FA45572CADAD}.Release|Any CPU.ActiveCfg = Release|Any CPU
		{E4780F24-76AA-49F5-BD53-FA45572CADAD}.Release|Any CPU.Build.0 = Release|Any CPU
		{E4780F24-76AA-49F5-BD53-FA45572CADAD}.Test|Any CPU.ActiveCfg = Debug|Any CPU
		{E4780F24-76AA-49F5-BD53-FA45572CADAD}.Test|Any CPU.Build.0 = Debug|Any CPU
		{B421966F-CC6C-489C-9171-AB5A064F5212}.Debug|Any CPU.ActiveCfg = Debug|Any CPU
		{B421966F-CC6C-489C-9171-AB5A064F5212}.Debug|Any CPU.Build.0 = Debug|Any CPU
		{B421966F-CC6C-489C-9171-AB5A064F5212}.Release|Any CPU.ActiveCfg = Release|Any CPU
		{B421966F-CC6C-489C-9171-AB5A064F5212}.Release|Any CPU.Build.0 = Release|Any CPU
		{B421966F-CC6C-489C-9171-AB5A064F5212}.Test|Any CPU.ActiveCfg = Debug|Any CPU
		{B421966F-CC6C-489C-9171-AB5A064F5212}.Test|Any CPU.Build.0 = Debug|Any CPU
		{238B8585-22FD-42F3-ACEA-7D72AC6D8ACC}.Debug|Any CPU.ActiveCfg = Debug|Any CPU
		{238B8585-22FD-42F3-ACEA-7D72AC6D8ACC}.Debug|Any CPU.Build.0 = Debug|Any CPU
		{238B8585-22FD-42F3-ACEA-7D72AC6D8ACC}.Release|Any CPU.ActiveCfg = Release|Any CPU
		{238B8585-22FD-42F3-ACEA-7D72AC6D8ACC}.Release|Any CPU.Build.0 = Release|Any CPU
		{238B8585-22FD-42F3-ACEA-7D72AC6D8ACC}.Test|Any CPU.ActiveCfg = Debug|Any CPU
		{238B8585-22FD-42F3-ACEA-7D72AC6D8ACC}.Test|Any CPU.Build.0 = Debug|Any CPU
		{B63C45DA-97F4-4BF5-9AEA-86F3E74213F6}.Debug|Any CPU.ActiveCfg = Debug|Any CPU
		{B63C45DA-97F4-4BF5-9AEA-86F3E74213F6}.Debug|Any CPU.Build.0 = Debug|Any CPU
		{B63C45DA-97F4-4BF5-9AEA-86F3E74213F6}.Release|Any CPU.ActiveCfg = Release|Any CPU
		{B63C45DA-97F4-4BF5-9AEA-86F3E74213F6}.Release|Any CPU.Build.0 = Release|Any CPU
		{B63C45DA-97F4-4BF5-9AEA-86F3E74213F6}.Test|Any CPU.ActiveCfg = Debug|Any CPU
		{B63C45DA-97F4-4BF5-9AEA-86F3E74213F6}.Test|Any CPU.Build.0 = Debug|Any CPU
		{55C4639D-EC3E-4F0F-8DA4-457AFF813D19}.Debug|Any CPU.ActiveCfg = Debug|Any CPU
		{55C4639D-EC3E-4F0F-8DA4-457AFF813D19}.Debug|Any CPU.Build.0 = Debug|Any CPU
		{55C4639D-EC3E-4F0F-8DA4-457AFF813D19}.Release|Any CPU.ActiveCfg = Release|Any CPU
		{55C4639D-EC3E-4F0F-8DA4-457AFF813D19}.Release|Any CPU.Build.0 = Release|Any CPU
		{55C4639D-EC3E-4F0F-8DA4-457AFF813D19}.Test|Any CPU.ActiveCfg = Debug|Any CPU
		{55C4639D-EC3E-4F0F-8DA4-457AFF813D19}.Test|Any CPU.Build.0 = Debug|Any CPU
		{2312836E-994A-452F-84E8-E2CEF44273B5}.Debug|Any CPU.ActiveCfg = Debug|Any CPU
		{2312836E-994A-452F-84E8-E2CEF44273B5}.Debug|Any CPU.Build.0 = Debug|Any CPU
		{2312836E-994A-452F-84E8-E2CEF44273B5}.Release|Any CPU.ActiveCfg = Release|Any CPU
		{2312836E-994A-452F-84E8-E2CEF44273B5}.Release|Any CPU.Build.0 = Release|Any CPU
		{2312836E-994A-452F-84E8-E2CEF44273B5}.Test|Any CPU.ActiveCfg = Debug|Any CPU
		{2312836E-994A-452F-84E8-E2CEF44273B5}.Test|Any CPU.Build.0 = Debug|Any CPU
		{73C70BAF-3843-488F-8B28-C4227B150DDD}.Debug|Any CPU.ActiveCfg = Debug|Any CPU
		{73C70BAF-3843-488F-8B28-C4227B150DDD}.Debug|Any CPU.Build.0 = Debug|Any CPU
		{73C70BAF-3843-488F-8B28-C4227B150DDD}.Release|Any CPU.ActiveCfg = Release|Any CPU
		{73C70BAF-3843-488F-8B28-C4227B150DDD}.Release|Any CPU.Build.0 = Release|Any CPU
		{73C70BAF-3843-488F-8B28-C4227B150DDD}.Test|Any CPU.ActiveCfg = Debug|Any CPU
		{73C70BAF-3843-488F-8B28-C4227B150DDD}.Test|Any CPU.Build.0 = Debug|Any CPU
	EndGlobalSection
	GlobalSection(SolutionProperties) = preSolution
		HideSolutionNode = FALSE
	EndGlobalSection
	GlobalSection(NestedProjects) = preSolution
		{D72246F7-5D2C-40B0-BF60-5CF57E7BB4EA} = {0B006A17-0CFF-4228-BDBB-37627E2DD857}
		{1D8DD952-320D-47E8-AB2B-364E71F810B9} = {D44681C5-CC98-44F7-8134-6178F8ECB9F8}
		{4BF30238-0DA1-46B6-B9D4-8469276CA8C3} = {0B006A17-0CFF-4228-BDBB-37627E2DD857}
		{52F100DE-05FB-4318-8504-B5734E7DD5A6} = {D44681C5-CC98-44F7-8134-6178F8ECB9F8}
		{289A1C1B-0ECE-44CA-97AA-1DEBA7AA1113} = {D44681C5-CC98-44F7-8134-6178F8ECB9F8}
		{E430CCDB-1C0F-474E-ABF9-67DDFBA00599} = {0B006A17-0CFF-4228-BDBB-37627E2DD857}
		{93E42BBB-C292-41EE-B2B5-C88CD8B1A4AA} = {0B006A17-0CFF-4228-BDBB-37627E2DD857}
		{70DA67EA-A802-4E60-B2A1-9BDE1B2317E3} = {C7539421-6BDE-4903-913A-D52E729534C9}
		{3E55D728-61B0-474F-80FC-47CBDC94F4EA} = {88B48219-E227-4EA0-8863-A5BC7168F035}
		{88B48219-E227-4EA0-8863-A5BC7168F035} = {3CFFCFDA-7054-4605-A016-E5A219E5301A}
		{95E478A0-C35B-4BF7-9C59-F844CFC6B7D6} = {88B48219-E227-4EA0-8863-A5BC7168F035}
		{026B2DFE-9BC0-4501-BCDD-8D83E8D59E67} = {88B48219-E227-4EA0-8863-A5BC7168F035}
		{01962C04-A999-4BAD-9015-0B905471D3A6} = {0B1C72C4-6244-4040-AA35-DB8F39A82074}
		{6F4A4B85-63C8-4675-9900-289C430C8AE2} = {0B006A17-0CFF-4228-BDBB-37627E2DD857}
		{7B2BF374-41D3-4692-9B02-E75A931A6ED8} = {0B1C72C4-6244-4040-AA35-DB8F39A82074}
		{A35C6FC5-0E55-42C9-8D93-B5851ABCB043} = {3CFFCFDA-7054-4605-A016-E5A219E5301A}
		{29028226-5AAF-429B-86A0-7BA5FD906DF3} = {A35C6FC5-0E55-42C9-8D93-B5851ABCB043}
		{41AF2320-56E1-41B3-B5EF-4EAC8F25F4B6} = {A35C6FC5-0E55-42C9-8D93-B5851ABCB043}
		{78751AF1-2B44-4419-A16B-4040F2A665B1} = {C7539421-6BDE-4903-913A-D52E729534C9}
		{DB6A3283-E35B-4C14-827D-869B79D046C8} = {1EE58849-C87B-4465-BE50-92F858E7DF9D}
		{F60ADF28-D18C-4421-89FF-CE46C27FDA0A} = {D44681C5-CC98-44F7-8134-6178F8ECB9F8}
		{89016674-D54D-4B5D-BA73-3C24954E6CFA} = {1EE58849-C87B-4465-BE50-92F858E7DF9D}
		{79BBEED9-6441-4DB5-B1B7-28105447065B} = {F3B85D6B-A5CD-48AB-BE52-519A90895E61}
		{61A99A7D-399A-4A45-9F9D-EE6AA4FA8B9C} = {1EE58849-C87B-4465-BE50-92F858E7DF9D}
		{C9F10EA8-91CB-4796-8183-DF8B09C4A352} = {1EE58849-C87B-4465-BE50-92F858E7DF9D}
		{DC6ED4D2-E9B9-4E6A-9400-9F43AB35053D} = {3CFFCFDA-7054-4605-A016-E5A219E5301A}
		{4F1B0BD5-9D24-4092-BFD7-5E0303D60323} = {DC6ED4D2-E9B9-4E6A-9400-9F43AB35053D}
		{4B091B2E-416E-47C1-8B1A-BB7A1E1FB92F} = {DC6ED4D2-E9B9-4E6A-9400-9F43AB35053D}
		{B68513BD-0218-4D7F-B0C1-DF0A01B61B4F} = {1EE58849-C87B-4465-BE50-92F858E7DF9D}
		{CD45C465-BA0D-45E7-AE0C-1DCDEE625BBF} = {1EE58849-C87B-4465-BE50-92F858E7DF9D}
		{3AA6EB4D-7730-4BC5-B0F3-A189DC55FD37} = {0B1C72C4-6244-4040-AA35-DB8F39A82074}
		{1B03D3C7-008E-46CE-9E02-05D45AE188FD} = {3CFFCFDA-7054-4605-A016-E5A219E5301A}
		{B421966F-CC6C-489C-9171-AB5A064F5212} = {1B03D3C7-008E-46CE-9E02-05D45AE188FD}
		{238B8585-22FD-42F3-ACEA-7D72AC6D8ACC} = {1EE58849-C87B-4465-BE50-92F858E7DF9D}
		{B63C45DA-97F4-4BF5-9AEA-86F3E74213F6} = {0B1C72C4-6244-4040-AA35-DB8F39A82074}
		{187B264A-0185-4F8E-9017-1265D0A86F35} = {3CFFCFDA-7054-4605-A016-E5A219E5301A}
		{55C4639D-EC3E-4F0F-8DA4-457AFF813D19} = {187B264A-0185-4F8E-9017-1265D0A86F35}
		{2312836E-994A-452F-84E8-E2CEF44273B5} = {187B264A-0185-4F8E-9017-1265D0A86F35}
		{73C70BAF-3843-488F-8B28-C4227B150DDD} = {187B264A-0185-4F8E-9017-1265D0A86F35}
	EndGlobalSection
	GlobalSection(ExtensibilityGlobals) = postSolution
		SolutionGuid = {70A0C8D4-5F1D-4A8C-9379-48C8BF6F5493}
	EndGlobalSection
EndGlobal
